
Microsoft Visual Studio Solution File, Format Version 12.00
# Visual Studio Version 17
VisualStudioVersion = 17.8.34316.72
MinimumVisualStudioVersion = 10.0.40219.1
Project("{FAE04EC0-301F-11D3-BF4B-00C04F79EFBC}") = "LucidArena", "LucidArena\LucidArena.csproj", "{342678E9-C629-466C-BA84-CA111BA70E8D}"
EndProject
Global
	GlobalSection(SolutionConfigurationPlatforms) = preSolution
		Debug|Any CPU = Debug|Any CPU
		Release|Any CPU = Release|Any CPU
	EndGlobalSection
	GlobalSection(ProjectConfigurationPlatforms) = postSolution
		{342678E9-C629-466C-BA84-CA111BA70E8D}.Debug|Any CPU.ActiveCfg = Debug|Any CPU
		{342678E9-C629-466C-BA84-CA111BA70E8D}.Debug|Any CPU.Build.0 = Debug|Any CPU
		{342678E9-C629-466C-BA84-CA111BA70E8D}.Release|Any CPU.ActiveCfg = Release|Any CPU
		{342678E9-C629-466C-BA84-CA111BA70E8D}.Release|Any CPU.Build.0 = Release|Any CPU
	EndGlobalSection
	GlobalSection(SolutionProperties) = preSolution
		HideSolutionNode = FALSE
	EndGlobalSection
	GlobalSection(ExtensibilityGlobals) = postSolution
		SolutionGuid = {8360AC48-C501-4C64-8974-F3F9984BCBBD}
	EndGlobalSection
EndGlobal
